
Microsoft Visual Studio Solution File, Format Version 12.00
# Visual Studio Version 16
VisualStudioVersion = 16.0.30225.117
MinimumVisualStudioVersion = 10.0.40219.1
Project("{FAE04EC0-301F-11D3-BF4B-00C04F79EFBC}") = "ShoppingCart.Tests", "ShoppingCart.Tests\ShoppingCart.Tests.csproj", "{4D648963-F51F-4DDC-96D8-638EB8047D98}"
EndProject
Project("{FAE04EC0-301F-11D3-BF4B-00C04F79EFBC}") = "ShoppingCart", "ShoppingCart\ShoppingCart.csproj", "{FD5D4B19-DBB0-4784-9A79-BE133AE78CFF}"
EndProject
Global
	GlobalSection(SolutionConfigurationPlatforms) = preSolution
		Debug|Any CPU = Debug|Any CPU
		Release|Any CPU = Release|Any CPU
	EndGlobalSection
	GlobalSection(ProjectConfigurationPlatforms) = postSolution
		{4D648963-F51F-4DDC-96D8-638EB8047D98}.Debug|Any CPU.ActiveCfg = Debug|Any CPU
		{4D648963-F51F-4DDC-96D8-638EB8047D98}.Debug|Any CPU.Build.0 = Debug|Any CPU
		{4D648963-F51F-4DDC-96D8-638EB8047D98}.Release|Any CPU.ActiveCfg = Release|Any CPU
		{4D648963-F51F-4DDC-96D8-638EB8047D98}.Release|Any CPU.Build.0 = Release|Any CPU
		{FD5D4B19-DBB0-4784-9A79-BE133AE78CFF}.Debug|Any CPU.ActiveCfg = Debug|Any CPU
		{FD5D4B19-DBB0-4784-9A79-BE133AE78CFF}.Debug|Any CPU.Build.0 = Debug|Any CPU
		{FD5D4B19-DBB0-4784-9A79-BE133AE78CFF}.Release|Any CPU.ActiveCfg = Release|Any CPU
		{FD5D4B19-DBB0-4784-9A79-BE133AE78CFF}.Release|Any CPU.Build.0 = Release|Any CPU
	EndGlobalSection
	GlobalSection(SolutionProperties) = preSolution
		HideSolutionNode = FALSE
	EndGlobalSection
	GlobalSection(ExtensibilityGlobals) = postSolution
		SolutionGuid = {0A310556-1020-42D3-BE60-7D5D9C8D9409}
	EndGlobalSection
EndGlobal
